
Microsoft Visual Studio Solution File, Format Version 12.00
# Visual Studio 2013
VisualStudioVersion = 12.0.30723.0
MinimumVisualStudioVersion = 10.0.40219.1
Project("{FAE04EC0-301F-11D3-BF4B-00C04F79EFBC}") = "Mozu.Api.WebToolKit", "Mozu.Api.WebToolKit\Mozu.Api.WebToolKit.csproj", "{6F79AED6-DD1D-467A-B4B2-5D57C66D73F8}"
EndProject
Project("{2150E333-8FDC-42A3-9474-1A3956D46DE8}") = "Build", "Build", "{D86737FF-514D-4BFD-B716-E877AD9B057D}"
	ProjectSection(SolutionItems) = preProject
		Build.cmd = Build.cmd
		Build.fsx = Build.fsx
	EndProjectSection
EndProject
Global
	GlobalSection(SolutionConfigurationPlatforms) = preSolution
		Debug|Any CPU = Debug|Any CPU
		Release|Any CPU = Release|Any CPU
	EndGlobalSection
	GlobalSection(ProjectConfigurationPlatforms) = postSolution
		{6F79AED6-DD1D-467A-B4B2-5D57C66D73F8}.Debug|Any CPU.ActiveCfg = Debug|Any CPU
		{6F79AED6-DD1D-467A-B4B2-5D57C66D73F8}.Debug|Any CPU.Build.0 = Debug|Any CPU
		{6F79AED6-DD1D-467A-B4B2-5D57C66D73F8}.Release|Any CPU.ActiveCfg = Release|Any CPU
		{6F79AED6-DD1D-467A-B4B2-5D57C66D73F8}.Release|Any CPU.Build.0 = Release|Any CPU
	EndGlobalSection
	GlobalSection(SolutionProperties) = preSolution
		HideSolutionNode = FALSE
	EndGlobalSection
EndGlobal
