
Microsoft Visual Studio Solution File, Format Version 12.00
# Visual Studio Version 16
VisualStudioVersion = 16.0.30204.135
MinimumVisualStudioVersion = 10.0.40219.1
Project("{FAE04EC0-301F-11D3-BF4B-00C04F79EFBC}") = "Mozu.Api.WebToolKit", "Mozu.Api.WebToolKit.csproj", "{2D0430BD-A298-48FC-A02B-B01541CDDFB1}"
EndProject
Global
	GlobalSection(SolutionConfigurationPlatforms) = preSolution
		Debug|Any CPU = Debug|Any CPU
		Release|Any CPU = Release|Any CPU
	EndGlobalSection
	GlobalSection(ProjectConfigurationPlatforms) = postSolution
		{2D0430BD-A298-48FC-A02B-B01541CDDFB1}.Debug|Any CPU.ActiveCfg = Debug|Any CPU
		{2D0430BD-A298-48FC-A02B-B01541CDDFB1}.Debug|Any CPU.Build.0 = Debug|Any CPU
		{2D0430BD-A298-48FC-A02B-B01541CDDFB1}.Release|Any CPU.ActiveCfg = Release|Any CPU
		{2D0430BD-A298-48FC-A02B-B01541CDDFB1}.Release|Any CPU.Build.0 = Release|Any CPU
	EndGlobalSection
	GlobalSection(SolutionProperties) = preSolution
		HideSolutionNode = FALSE
	EndGlobalSection
	GlobalSection(ExtensibilityGlobals) = postSolution
		SolutionGuid = {13324270-ED57-414F-BED5-B8DACD698E04}
	EndGlobalSection
EndGlobal
